<?xml version="1.0" encoding="utf-8"?>
<Project ToolsVersion="4.0" xmlns="http://schemas.microsoft.com/developer/msbuild/2003">
  <ItemGroup>
    <Filter Include="Architecture">
      <UniqueIdentifier>{cdda70af-07dd-4d59-82df-6ede0201c94a}</UniqueIdentifier>
    </Filter>
    <Filter Include="Miscellaneous">
      <UniqueIdentifier>{fc75d30a-c12b-4902-a7bb-c665c2a9043c}</UniqueIdentifier>
    </Filter>
    <Filter Include="Instruction Stream">
      <UniqueIdentifier>{5111b44f-7760-4ccf-9f25-5c375a9480f7}</UniqueIdentifier>
    </Filter>
    <Filter Include="Includes">
      <UniqueIdentifier>{da55a262-7d21-4ce0-b5ef-c2de31a52d12}</UniqueIdentifier>
    </Filter>
    <Filter Include="Virtual Machine">
      <UniqueIdentifier>{cb193006-280e-40d9-b9b6-04f154091580}</UniqueIdentifier>
    </Filter>
    <Filter Include="SymEx Integration">
      <UniqueIdentifier>{b070980d-a30d-421e-82c6-0298cfe01c0e}</UniqueIdentifier>
    </Filter>
    <Filter Include="Value Tracing">
      <UniqueIdentifier>{6ba6b482-58aa-46cd-ad58-c0eef36c9333}</UniqueIdentifier>
    </Filter>
  </ItemGroup>
  <ItemGroup>
    <ClInclude Include="arch\operands.hpp">
      <Filter>Architecture</Filter>
    </ClInclude>
    <ClInclude Include="routine\basic_block.hpp">
      <Filter>Instruction Stream</Filter>
    </ClInclude>
    <ClInclude Include="routine\instruction.hpp">
      <Filter>Instruction Stream</Filter>
    </ClInclude>
    <ClInclude Include="routine\routine.hpp">
      <Filter>Instruction Stream</Filter>
    </ClInclude>
    <ClInclude Include="misc\debug.hpp">
      <Filter>Miscellaneous</Filter>
    </ClInclude>
    <ClInclude Include="arch\instruction_desc.hpp">
      <Filter>Architecture</Filter>
    </ClInclude>
    <ClInclude Include="arch\instruction_set.hpp">
      <Filter>Architecture</Filter>
    </ClInclude>
    <ClInclude Include="arch\register_desc.hpp">
      <Filter>Architecture</Filter>
    </ClInclude>
    <ClInclude Include="routine\serialization.hpp">
      <Filter>Instruction Stream</Filter>
    </ClInclude>
    <ClInclude Include="symex\variable.hpp">
      <Filter>SymEx Integration</Filter>
    </ClInclude>
    <ClInclude Include="symex\pointer.hpp">
      <Filter>SymEx Integration</Filter>
    </ClInclude>
    <ClInclude Include="symex\memory.hpp">
      <Filter>SymEx Integration</Filter>
    </ClInclude>
    <ClInclude Include="vm\interface.hpp">
      <Filter>Virtual Machine</Filter>
    </ClInclude>
    <ClInclude Include="vm\symbolic.hpp">
      <Filter>Virtual Machine</Filter>
    </ClInclude>
    <ClInclude Include="vm\lambda.hpp">
      <Filter>Virtual Machine</Filter>
    </ClInclude>
    <ClInclude Include="trace\tracer.hpp">
      <Filter>Value Tracing</Filter>
    </ClInclude>
    <ClInclude Include="trace\cached_tracer.hpp">
      <Filter>Value Tracing</Filter>
    </ClInclude>
    <ClInclude Include="symex\translation.hpp">
      <Filter>SymEx Integration</Filter>
    </ClInclude>
    <ClInclude Include="symex\batch_translator.hpp">
      <Filter>SymEx Integration</Filter>
    </ClInclude>
    <ClInclude Include="routine\call_convention.hpp">
      <Filter>Instruction Stream</Filter>
    </ClInclude>
    <ClInclude Include="arch\identifier.hpp">
      <Filter>Architecture</Filter>
    </ClInclude>
  </ItemGroup>
  <ItemGroup>
    <ClCompile Include="arch\instruction_desc.cpp">
      <Filter>Architecture</Filter>
    </ClCompile>
    <ClCompile Include="routine\basic_block.cpp">
      <Filter>Instruction Stream</Filter>
    </ClCompile>
    <ClCompile Include="routine\instruction.cpp">
      <Filter>Instruction Stream</Filter>
    </ClCompile>
    <ClCompile Include="routine\serialization.cpp">
      <Filter>Instruction Stream</Filter>
    </ClCompile>
    <ClCompile Include="routine\routine.cpp">
      <Filter>Instruction Stream</Filter>
    </ClCompile>
    <ClCompile Include="symex\variable.cpp">
      <Filter>SymEx Integration</Filter>
    </ClCompile>
    <ClCompile Include="symex\pointer.cpp">
      <Filter>SymEx Integration</Filter>
    </ClCompile>
    <ClCompile Include="vm\interface.cpp">
      <Filter>Virtual Machine</Filter>
    </ClCompile>
    <ClCompile Include="vm\symbolic.cpp">
      <Filter>Virtual Machine</Filter>
    </ClCompile>
    <ClCompile Include="trace\tracer.cpp">
      <Filter>Value Tracing</Filter>
    </ClCompile>
    <ClCompile Include="trace\cached_tracer.cpp">
      <Filter>Value Tracing</Filter>
    </ClCompile>
    <ClCompile Include="symex\translation.cpp">
      <Filter>SymEx Integration</Filter>
    </ClCompile>
  </ItemGroup>
  <ItemGroup>
    <None Include="VTIL-Architecture.licenseheader" />
    <None Include="includes\vtil\arch">
      <Filter>Includes</Filter>
    </None>
  </ItemGroup>
  <ItemGroup>
    <Text Include="CMakeLists.txt" />
  </ItemGroup>
</Project>