<?xml version="1.0" encoding="utf-8"?>
<Project ToolsVersion="4.0" xmlns="http://schemas.microsoft.com/developer/msbuild/2003">
  <ItemGroup>
    <ClCompile Include="VTIL-SymEx.cpp" />
    <ClCompile Include="directives\directive.cpp">
      <Filter>Symbolic\Directives</Filter>
    </ClCompile>
    <ClCompile Include="expressions\expression.cpp">
      <Filter>Symbolic\Expression</Filter>
    </ClCompile>
    <ClCompile Include="simplifier\expression_simplifier.cpp">
      <Filter>Symbolic\Simplifier</Filter>
    </ClCompile>
  </ItemGroup>
  <ItemGroup>
    <ClInclude Include="directives\directive.hpp">
      <Filter>Symbolic\Directives</Filter>
    </ClInclude>
    <ClInclude Include="directives\match_directive.hpp">
      <Filter>Symbolic\Directives</Filter>
    </ClInclude>
    <ClInclude Include="expressions\expression.hpp">
      <Filter>Symbolic\Expression</Filter>
    </ClInclude>
    <ClInclude Include="expressions\unique_identifier.hpp">
      <Filter>Symbolic\Expression</Filter>
    </ClInclude>
    <ClInclude Include="simplifier\expression_simplifier.hpp">
      <Filter>Symbolic\Simplifier</Filter>
    </ClInclude>
    <ClInclude Include="simplifier\simplifier_directives.hpp">
      <Filter>Symbolic\Simplifier</Filter>
    </ClInclude>
    <ClInclude Include="engine.hpp">
      <Filter>Symbolic</Filter>
    </ClInclude>
  </ItemGroup>
  <ItemGroup>
    <Filter Include="Experimental-Math">
      <UniqueIdentifier>{e27a8004-d305-4a45-8388-ba45d921947b}</UniqueIdentifier>
    </Filter>
    <Filter Include="Symbolic">
      <UniqueIdentifier>{977fbfa1-4f46-4eff-9a59-293fc43c5374}</UniqueIdentifier>
    </Filter>
    <Filter Include="Symbolic\Directives">
      <UniqueIdentifier>{35c6ec1c-2ebb-4138-8d23-9e073fb1ffac}</UniqueIdentifier>
    </Filter>
    <Filter Include="Symbolic\Simplifier">
      <UniqueIdentifier>{d397ea38-13ca-41f4-abec-88292fa650d5}</UniqueIdentifier>
    </Filter>
    <Filter Include="Symbolic\Expression">
      <UniqueIdentifier>{224688f8-aeaa-4c55-87a9-60f61607dadf}</UniqueIdentifier>
    </Filter>
  </ItemGroup>
  <ItemGroup>
    <None Include="VTIL-SymEx.licenseheader" />
  </ItemGroup>
</Project>