<?xml version="1.0" encoding="utf-8"?>
<Project ToolsVersion="4.0" xmlns="http://schemas.microsoft.com/developer/msbuild/2003">
  <ItemGroup>
    <ClCompile Include="passes\normalize_stack.cpp">
      <Filter>Optimizer Passes</Filter>
    </ClCompile>
    <ClCompile Include="auxiliaries.cpp" />
  </ItemGroup>
  <ItemGroup>
    <Filter Include="Includes">
      <UniqueIdentifier>{6307ebe6-d515-4f15-a927-44dacb7a337c}</UniqueIdentifier>
    </Filter>
    <Filter Include="Optimizer Passes">
      <UniqueIdentifier>{93550fd4-29f0-496a-ba4a-c90fcf11efb1}</UniqueIdentifier>
    </Filter>
  </ItemGroup>
  <ItemGroup>
    <ClInclude Include="passes\apply_all.hpp">
      <Filter>Optimizer Passes</Filter>
    </ClInclude>
    <ClInclude Include="passes\normalize_stack.hpp">
      <Filter>Optimizer Passes</Filter>
    </ClInclude>
    <ClInclude Include="passes\interface.hpp">
      <Filter>Optimizer Passes</Filter>
    </ClInclude>
    <ClInclude Include="auxiliaries.hpp" />
  </ItemGroup>
  <ItemGroup>
    <None Include="includes\vtil\optimizer">
      <Filter>Includes</Filter>
    </None>
    <None Include="VTIL-Optimizer.licenseheader" />
  </ItemGroup>
  <ItemGroup>
    <Text Include="CMakeLists.txt" />
  </ItemGroup>
</Project>