<?xml version="1.0" encoding="utf-8"?>
<Project ToolsVersion="4.0" xmlns="http://schemas.microsoft.com/developer/msbuild/2003">
  <ItemGroup>
    <ClCompile Include="common\auxiliaries.cpp">
      <Filter>Common</Filter>
    </ClCompile>
    <ClCompile Include="optimizer\bblock_extension_pass.cpp">
      <Filter>Optimization Passes</Filter>
    </ClCompile>
    <ClCompile Include="optimizer\branch_correction_pass.cpp">
      <Filter>Optimization Passes</Filter>
    </ClCompile>
    <ClCompile Include="optimizer\dead_code_elimination_pass.cpp">
      <Filter>Optimization Passes</Filter>
    </ClCompile>
    <ClCompile Include="optimizer\istack_ref_substitution_pass.cpp">
      <Filter>Optimization Passes</Filter>
    </ClCompile>
    <ClCompile Include="optimizer\mov_propagation_pass.cpp">
      <Filter>Optimization Passes</Filter>
    </ClCompile>
    <ClCompile Include="optimizer\register_renaming_pass.cpp">
      <Filter>Optimization Passes</Filter>
    </ClCompile>
    <ClCompile Include="optimizer\stack_pinning_pass.cpp">
      <Filter>Optimization Passes</Filter>
    </ClCompile>
    <ClCompile Include="optimizer\stack_propagation_pass.cpp">
      <Filter>Optimization Passes</Filter>
    </ClCompile>
    <ClCompile Include="optimizer\symbolic_rewrite_pass.cpp">
      <Filter>Optimization Passes</Filter>
    </ClCompile>
    <ClCompile Include="optimizer\fast_propagation_pass.cpp" />
    <ClCompile Include="validation\test1.cpp">
      <Filter>Validation</Filter>
    </ClCompile>
    <ClCompile Include="validation\pass_validation.cpp">
      <Filter>Validation</Filter>
    </ClCompile>
    <ClCompile Include="optimizer\fast_dead_code_elimination_pass.cpp">
      <Filter>Optimization Passes</Filter>
    </ClCompile>
    <ClCompile Include="optimizer\fast_propagation_pass.cpp">
      <Filter>Optimization Passes</Filter>
    </ClCompile>
  </ItemGroup>
  <ItemGroup>
    <Filter Include="Includes">
      <UniqueIdentifier>{6307ebe6-d515-4f15-a927-44dacb7a337c}</UniqueIdentifier>
    </Filter>
    <Filter Include="Common">
      <UniqueIdentifier>{5ad32c73-c84f-45a2-ba7b-e4170f51b3d3}</UniqueIdentifier>
    </Filter>
    <Filter Include="Optimization Passes">
      <UniqueIdentifier>{93550fd4-29f0-496a-ba4a-c90fcf11efb1}</UniqueIdentifier>
    </Filter>
    <Filter Include="Validation">
      <UniqueIdentifier>{f83c7d39-9ba8-44f4-8f92-369c8f23ed35}</UniqueIdentifier>
    </Filter>
  </ItemGroup>
  <ItemGroup>
    <ClInclude Include="common\apply_all.hpp">
      <Filter>Common</Filter>
    </ClInclude>
    <ClInclude Include="common\auxiliaries.hpp">
      <Filter>Common</Filter>
    </ClInclude>
    <ClInclude Include="common\interface.hpp">
      <Filter>Common</Filter>
    </ClInclude>
    <ClInclude Include="optimizer\bblock_extension_pass.hpp">
      <Filter>Optimization Passes</Filter>
    </ClInclude>
    <ClInclude Include="optimizer\branch_correction_pass.hpp">
      <Filter>Optimization Passes</Filter>
    </ClInclude>
    <ClInclude Include="optimizer\dead_code_elimination_pass.hpp">
      <Filter>Optimization Passes</Filter>
    </ClInclude>
    <ClInclude Include="optimizer\istack_ref_substitution_pass.hpp">
      <Filter>Optimization Passes</Filter>
    </ClInclude>
    <ClInclude Include="optimizer\mov_propagation_pass.hpp">
      <Filter>Optimization Passes</Filter>
    </ClInclude>
    <ClInclude Include="optimizer\register_renaming_pass.hpp">
      <Filter>Optimization Passes</Filter>
    </ClInclude>
    <ClInclude Include="optimizer\stack_pinning_pass.hpp">
      <Filter>Optimization Passes</Filter>
    </ClInclude>
    <ClInclude Include="optimizer\stack_propagation_pass.hpp">
      <Filter>Optimization Passes</Filter>
    </ClInclude>
    <ClInclude Include="optimizer\symbolic_rewrite_pass.hpp">
      <Filter>Optimization Passes</Filter>
    </ClInclude>
    <ClInclude Include="optimizer\fast_dead_code_elimination_pass.hpp">
      <Filter>Optimization Passes</Filter>
    </ClInclude>
    <ClInclude Include="optimizer\fast_propagation_pass.hpp">
      <Filter>Optimization Passes</Filter>
    </ClInclude>
    <ClInclude Include="validation\pass_validation.hpp">
      <Filter>Validation</Filter>
    </ClInclude>
    <ClInclude Include="validation\test1.hpp">
      <Filter>Validation</Filter>
    </ClInclude>
    <ClInclude Include="includes\vtil\optimizer-tests">
      <Filter>Includes</Filter>
    </ClInclude>
    <ClInclude Include="validation\unit_test.hpp">
      <Filter>Validation</Filter>
    </ClInclude>
  </ItemGroup>
  <ItemGroup>
    <None Include="VTIL-Compiler.licenseheader" />
    <None Include="includes\vtil\compiler">
      <Filter>Includes</Filter>
    </None>
  </ItemGroup>
  <ItemGroup>
    <Text Include="CMakeLists.txt" />
  </ItemGroup>
</Project>